{
    "_readme": [
        "This file locks the dependencies of your project to a known state",
        "Read more about it at https://getcomposer.org/doc/01-basic-usage.md#composer-lock-the-lock-file",
        "This file is @generated automatically"
    ],
    "hash": "ef621fcf03f6e95d3c35d7aa04f11f47",
    "content-hash": "a6bbc0516a8faf5f2fd90c325c435051",
    "packages": [],
    "packages-dev": [],
    "aliases": [],
    "minimum-stability": "dev",
    "stability-flags": [],
    "prefer-stable": false,
    "prefer-lowest": false,
    "platform": {
        "php": "^5.4",
        "ext-mcrypt": "^0.0.0"
    },
    "platform-dev": []
}
